{
  "name": "loongsuite-genai-arms-probe-validation",
  "version": "1.0.0",
  "lockfileVersion": 3,
  "requires": true,
  "packages": {
    "": {
      "name": "loongsuite-genai-arms-probe-validation",
      "version": "1.0.0",
      "license": "Apache-2.0",
      "dependencies": {
        "@loongsuite/cms_node_sdk": "1.0.4",
        "openai": "5.23.2"
      },
      "engines": {
        "node": ">=20"
      }
    },
    "node_modules/@loongsuite/cms_context": {
      "version": "1.0.4",
      "resolved": "https://registry.npmjs.org/@loongsuite/cms_context/-/cms_context-1.0.4.tgz",
      "integrity": "sha512-/QVq7bsZj/3K/+vfuEgnMSpZR2Pi1QsIjUPmHuuUpME1o8yAjXSC3nHD85e7jkQfZwXNWD5/3u8pGrwSiOEnxQ==",
      "license": "MIT",
      "dependencies": {
        "@loongsuite/cms_core": "^1.0.4"
      }
    },
    "node_modules/@loongsuite/cms_core": {
      "version": "1.0.4",
      "resolved": "https://registry.npmjs.org/@loongsuite/cms_core/-/cms_core-1.0.4.tgz",
      "integrity": "sha512-miVnD7eRiSUlMcC3FNNP48uOSbI1Wzta5vuKjEkLop/GzrIipYtSSJvZaufibfPIx+9FtwzmqJGAsGrCtw+2hg==",
      "license": "MIT",
      "dependencies": {
        "import-in-the-middle": "^1.8.1",
        "require-in-the-middle": "^8.0.0"
      }
    },
    "node_modules/@loongsuite/cms_exporters": {
      "version": "1.0.4",
      "resolved": "https://registry.npmjs.org/@loongsuite/cms_exporters/-/cms_exporters-1.0.4.tgz",
      "integrity": "sha512-H6DhzbvZXY/ZefpTPL03oVei2km+PVHmWRbe4yJZJPj+2qavtJ/PrL4SJ5XIlDAdGx/nvnM1sRZPCj8L1u0xVg==",
      "license": "MIT",
      "dependencies": {
        "@loongsuite/cms_core": "^1.0.4",
        "@loongsuite/cms_logs": "^1.0.4"
      }
    },
    "node_modules/@loongsuite/cms_instrumentations": {
      "version": "1.0.4",
      "resolved": "https://registry.npmjs.org/@loongsuite/cms_instrumentations/-/cms_instrumentations-1.0.4.tgz",
      "integrity": "sha512-CrfaeexTRj9GdXdYlht/cnGOTSryAijiWZGxhJzQMhdhw7fFmpmFVnPDgUhPWg6CRs+ac++oSL09DlevqWuJTA==",
      "license": "MIT",
      "dependencies": {
        "@loongsuite/cms_core": "^1.0.4",
        "@loongsuite/cms_logs": "^1.0.4",
        "dc-polyfill": "^0.1.10",
        "js-tiktoken": "^1.0.20"
      }
    },
    "node_modules/@loongsuite/cms_logs": {
      "version": "1.0.4",
      "resolved": "https://registry.npmjs.org/@loongsuite/cms_logs/-/cms_logs-1.0.4.tgz",
      "integrity": "sha512-nBTaEqNqX6I8XdHRVaJ1YdKsE2vYA2dDF3FhZMP/KHCcdsNRLcwvH2fn5i6Vm0SZNPJz2A2iZ8N/ImiSxwXOWQ==",
      "license": "MIT",
      "dependencies": {
        "@loongsuite/cms_core": "^1.0.4"
      }
    },
    "node_modules/@loongsuite/cms_metrics": {
      "version": "1.0.4",
      "resolved": "https://registry.npmjs.org/@loongsuite/cms_metrics/-/cms_metrics-1.0.4.tgz",
      "integrity": "sha512-rNXBVGTpMZS/Xiw9MC+HHVPJP5YxfnFYByzZfiAxsLShRDHg54a6+60NGoQmkdIS1SnXsz9rtYga9Un4AY2bSg==",
      "license": "MIT",
      "dependencies": {
        "@loongsuite/cms_core": "^1.0.4",
        "@loongsuite/cms_logs": "^1.0.4"
      }
    },
    "node_modules/@loongsuite/cms_node_sdk": {
      "version": "1.0.4",
      "resolved": "https://registry.npmjs.org/@loongsuite/cms_node_sdk/-/cms_node_sdk-1.0.4.tgz",
      "integrity": "sha512-AvdxGu0V3AQe9Oc758p+Lau1zWaE1lfBjM7/K6CJOtoHm/o3s8Ol3CExNZD9er63SE+AEvxBm97re7eD4hfvbA==",
      "license": "MIT",
      "dependencies": {
        "@loongsuite/cms_context": "^1.0.4",
        "@loongsuite/cms_core": "^1.0.4",
        "@loongsuite/cms_exporters": "^1.0.4",
        "@loongsuite/cms_instrumentations": "^1.0.4",
        "@loongsuite/cms_logs": "^1.0.4",
        "@loongsuite/cms_metrics": "^1.0.4",
        "@loongsuite/cms_propagators": "^1.0.4",
        "@loongsuite/cms_trace": "^1.0.4",
        "import-in-the-middle": "^1.8.1"
      }
    },
    "node_modules/@loongsuite/cms_propagators": {
      "version": "1.0.4",
      "resolved": "https://registry.npmjs.org/@loongsuite/cms_propagators/-/cms_propagators-1.0.4.tgz",
      "integrity": "sha512-UTZAtcsFXLW1Bx9HL9Tq47jn7itdrHwixtKWUvXl5d/uOzChTs7kq9Nwtt9hNFyIGgRsyM4bS37phYk2tsXsCw==",
      "license": "MIT",
      "dependencies": {
        "@loongsuite/cms_core": "^1.0.4"
      }
    },
    "node_modules/@loongsuite/cms_trace": {
      "version": "1.0.4",
      "resolved": "https://registry.npmjs.org/@loongsuite/cms_trace/-/cms_trace-1.0.4.tgz",
      "integrity": "sha512-dMX329KvbmdSc82hKhtPY4jofay9FOggFfI6qOJ7Ots8rV38KwFbAvmeUczh16KZnXWCPBTRx9ZEMdQlwmAvsA==",
      "license": "MIT",
      "dependencies": {
        "@loongsuite/cms_context": "^1.0.4",
        "@loongsuite/cms_core": "^1.0.4",
        "@loongsuite/cms_logs": "^1.0.4"
      }
    },
    "node_modules/acorn": {
      "version": "8.18.0",
      "resolved": "https://registry.npmjs.org/acorn/-/acorn-8.18.0.tgz",
      "integrity": "sha512-lGq+9yr1/GuAWaVYIHRjvvySG5/4VfKIvC8EWxStPdcDh/Ka7FG3twP6v4d5BkravUilhIAsG4Qj83t02LWUPQ==",
      "license": "MIT",
      "bin": {
        "acorn": "bin/acorn"
      },
      "engines": {
        "node": ">=0.4.0"
      }
    },
    "node_modules/acorn-import-attributes": {
      "version": "1.9.5",
      "resolved": "https://registry.npmjs.org/acorn-import-attributes/-/acorn-import-attributes-1.9.5.tgz",
      "integrity": "sha512-n02Vykv5uA3eHGM/Z2dQrcD56kL8TyDb2p1+0P83PClMnC/nc+anbQRhIOWnSq4Ke/KvDPrY3C9hDtC/A3eHnQ==",
      "license": "MIT",
      "peerDependencies": {
        "acorn": "^8"
      }
    },
    "node_modules/base64-js": {
      "version": "1.5.1",
      "resolved": "https://registry.npmjs.org/base64-js/-/base64-js-1.5.1.tgz",
      "integrity": "sha512-AKpaYlHn8t4SVbOHCy+b5+KKgvR4vrsD8vbvrbiQJps7fKDTkjkDry6ji0rUJjC0kzbNePLwzxq8iypo41qeWA==",
      "funding": [
        {
          "type": "github",
          "url": "https://github.com/sponsors/feross"
        },
        {
          "type": "patreon",
          "url": "https://www.patreon.com/feross"
        },
        {
          "type": "consulting",
          "url": "https://feross.org/support"
        }
      ],
      "license": "MIT"
    },
    "node_modules/cjs-module-lexer": {
      "version": "1.4.3",
      "resolved": "https://registry.npmjs.org/cjs-module-lexer/-/cjs-module-lexer-1.4.3.tgz",
      "integrity": "sha512-9z8TZaGM1pfswYeXrUpzPrkx8UnWYdhJclsiYMm6x/w5+nN+8Tf/LnAgfLGQCm59qAOxU8WwHEq2vNwF6i4j+Q==",
      "license": "MIT"
    },
    "node_modules/dc-polyfill": {
      "version": "0.1.11",
      "resolved": "https://registry.npmjs.org/dc-polyfill/-/dc-polyfill-0.1.11.tgz",
      "integrity": "sha512-TyyeGcjx0YeThAI9fTFtgsvj5qd4R+aGfVmXiUhevbgzWFDr7IK4tv4YjE6jaGzLHQTchk4h7DHdr5q4WGgaZw==",
      "license": "MIT",
      "engines": {
        "node": ">=12.17"
      }
    },
    "node_modules/debug": {
      "version": "4.4.3",
      "resolved": "https://registry.npmjs.org/debug/-/debug-4.4.3.tgz",
      "integrity": "sha512-RGwwWnwQvkVfavKVt22FGLw+xYSdzARwm0ru6DhTVA3umU5hZc28V3kO4stgYryrTlLpuvgI9GiijltAjNbcqA==",
      "license": "MIT",
      "dependencies": {
        "ms": "^2.1.3"
      },
      "engines": {
        "node": ">=6.0"
      },
      "peerDependenciesMeta": {
        "supports-color": {
          "optional": true
        }
      }
    },
    "node_modules/import-in-the-middle": {
      "version": "1.15.0",
      "resolved": "https://registry.npmjs.org/import-in-the-middle/-/import-in-the-middle-1.15.0.tgz",
      "integrity": "sha512-bpQy+CrsRmYmoPMAE/0G33iwRqwW4ouqdRg8jgbH3aKuCtOc8lxgmYXg2dMM92CRiGP660EtBcymH/eVUpCSaA==",
      "license": "Apache-2.0",
      "dependencies": {
        "acorn": "^8.14.0",
        "acorn-import-attributes": "^1.9.5",
        "cjs-module-lexer": "^1.2.2",
        "module-details-from-path": "^1.0.3"
      }
    },
    "node_modules/js-tiktoken": {
      "version": "1.0.21",
      "resolved": "https://registry.npmjs.org/js-tiktoken/-/js-tiktoken-1.0.21.tgz",
      "integrity": "sha512-biOj/6M5qdgx5TKjDnFT1ymSpM5tbd3ylwDtrQvFQSu0Z7bBYko2dF+W/aUkXUPuk6IVpRxk/3Q2sHOzGlS36g==",
      "license": "MIT",
      "dependencies": {
        "base64-js": "^1.5.1"
      }
    },
    "node_modules/module-details-from-path": {
      "version": "1.0.4",
      "resolved": "https://registry.npmjs.org/module-details-from-path/-/module-details-from-path-1.0.4.tgz",
      "integrity": "sha512-EGWKgxALGMgzvxYF1UyGTy0HXX/2vHLkw6+NvDKW2jypWbHpjQuj4UMcqQWXHERJhVGKikolT06G3bcKe4fi7w==",
      "license": "MIT"
    },
    "node_modules/ms": {
      "version": "2.1.3",
      "resolved": "https://registry.npmjs.org/ms/-/ms-2.1.3.tgz",
      "integrity": "sha512-6FlzubTLZG3J2a/NVCAleEhjzq5oxgHyaCU9yYXvcLsvoVaHJq/s5xXI6/XXP6tz7R9xAOtHnSO/tXtF3WRTlA==",
      "license": "MIT"
    },
    "node_modules/openai": {
      "version": "5.23.2",
      "resolved": "https://registry.npmjs.org/openai/-/openai-5.23.2.tgz",
      "integrity": "sha512-MQBzmTulj+MM5O8SKEk/gL8a7s5mktS9zUtAkU257WjvobGc9nKcBuVwjyEEcb9SI8a8Y2G/mzn3vm9n1Jlleg==",
      "license": "Apache-2.0",
      "bin": {
        "openai": "bin/cli"
      },
      "peerDependencies": {
        "ws": "^8.18.0",
        "zod": "^3.23.8"
      },
      "peerDependenciesMeta": {
        "ws": {
          "optional": true
        },
        "zod": {
          "optional": true
        }
      }
    },
    "node_modules/require-in-the-middle": {
      "version": "8.0.1",
      "resolved": "https://registry.npmjs.org/require-in-the-middle/-/require-in-the-middle-8.0.1.tgz",
      "integrity": "sha512-QT7FVMXfWOYFbeRBF6nu+I6tr2Tf3u0q8RIEjNob/heKY/nh7drD/k7eeMFmSQgnTtCzLDcCu/XEnpW2wk4xCQ==",
      "license": "MIT",
      "dependencies": {
        "debug": "^4.3.5",
        "module-details-from-path": "^1.0.3"
      },
      "engines": {
        "node": ">=9.3.0 || >=8.10.0 <9.0.0"
      }
    }
  }
}
